// !$*UTF8*$!
{
	archiveVersion = 1;
	classes = {
	};
	objectVersion = 51;
	objects = {

/* Begin PBXBuildFile section */
		4F8C5CEA25C270967DC493E4 /* Pods_LoveAlarmTests.framework in Frameworks */ = {isa = PBXBuildFile; fileRef = 866BDF8127E02B0FE5C401CC /* Pods_LoveAlarmTests.framework */; };
		9813490F09EEB84905B43565 /* Pods_LoveAlarm.framework in Frameworks */ = {isa = PBXBuildFile; fileRef = 43173DF94AB053536801537B /* Pods_LoveAlarm.framework */; };
		A32838B524F9EECF0024519E /* Alarm.swift in Sources */ = {isa = PBXBuildFile; fileRef = A32838B424F9EECF0024519E /* Alarm.swift */; };
		A32838B924FA0F1C0024519E /* AddAlarmView.swift in Sources */ = {isa = PBXBuildFile; fileRef = A32838B824FA0F1C0024519E /* AddAlarmView.swift */; };
		A329C78B24F8AB7C007C6391 /* UserViewModel.swift in Sources */ = {isa = PBXBuildFile; fileRef = A329C78A24F8AB7C007C6391 /* UserViewModel.swift */; };
		A329C78F24F8AB87007C6391 /* SignInView.swift in Sources */ = {isa = PBXBuildFile; fileRef = A329C78C24F8AB87007C6391 /* SignInView.swift */; };
		A329C79724F8D6A6007C6391 /* FBFireStore.swift in Sources */ = {isa = PBXBuildFile; fileRef = A329C79324F8D6A4007C6391 /* FBFireStore.swift */; };
		A329C79824F8D6A6007C6391 /* FBUser.swift in Sources */ = {isa = PBXBuildFile; fileRef = A329C79424F8D6A5007C6391 /* FBUser.swift */; };
		A329C79924F8D6A6007C6391 /* FBFireStoreError.swift in Sources */ = {isa = PBXBuildFile; fileRef = A329C79524F8D6A5007C6391 /* FBFireStoreError.swift */; };
		A329C79A24F8D6A6007C6391 /* FBKeys.swift in Sources */ = {isa = PBXBuildFile; fileRef = A329C79624F8D6A6007C6391 /* FBKeys.swift */; };
		A329C79D24F8D6B5007C6391 /* FBAuth.swift in Sources */ = {isa = PBXBuildFile; fileRef = A329C79B24F8D6B4007C6391 /* FBAuth.swift */; };
		A329C79E24F8D6B5007C6391 /* FBAuthError.swift in Sources */ = {isa = PBXBuildFile; fileRef = A329C79C24F8D6B5007C6391 /* FBAuthError.swift */; };
		A32F965624F745FC0083528C /* GoogleService-Info.plist in Resources */ = {isa = PBXBuildFile; fileRef = A32F965524F745FC0083528C /* GoogleService-Info.plist */; };
		A32F965824F74D6D0083528C /* UserInfo.swift in Sources */ = {isa = PBXBuildFile; fileRef = A32F965724F74D6D0083528C /* UserInfo.swift */; };
		A32F965A24F74EEA0083528C /* LoginView.swift in Sources */ = {isa = PBXBuildFile; fileRef = A32F965924F74EEA0083528C /* LoginView.swift */; };
		A32F965C24F75DB10083528C /* HomeView.swift in Sources */ = {isa = PBXBuildFile; fileRef = A32F965B24F75DB10083528C /* HomeView.swift */; };
		A32FD10B24F97839003347CE /* SignUpView.swift in Sources */ = {isa = PBXBuildFile; fileRef = A32FD10A24F97839003347CE /* SignUpView.swift */; };
		A32FE5F624FB74FA00DE4C93 /* MyAlarmsView.swift in Sources */ = {isa = PBXBuildFile; fileRef = A32FE5F524FB74FA00DE4C93 /* MyAlarmsView.swift */; };
		A332B5C924F620EC001AB636 /* AppDelegate.swift in Sources */ = {isa = PBXBuildFile; fileRef = A332B5C824F620EC001AB636 /* AppDelegate.swift */; };
		A332B5CB24F620EC001AB636 /* SceneDelegate.swift in Sources */ = {isa = PBXBuildFile; fileRef = A332B5CA24F620EC001AB636 /* SceneDelegate.swift */; };
		A332B5CD24F620EC001AB636 /* ContentView.swift in Sources */ = {isa = PBXBuildFile; fileRef = A332B5CC24F620EC001AB636 /* ContentView.swift */; };
		A332B5CF24F620ED001AB636 /* Assets.xcassets in Resources */ = {isa = PBXBuildFile; fileRef = A332B5CE24F620ED001AB636 /* Assets.xcassets */; };
		A332B5D224F620ED001AB636 /* Preview Assets.xcassets in Resources */ = {isa = PBXBuildFile; fileRef = A332B5D124F620ED001AB636 /* Preview Assets.xcassets */; };
		A332B5D524F620ED001AB636 /* LaunchScreen.storyboard in Resources */ = {isa = PBXBuildFile; fileRef = A332B5D324F620ED001AB636 /* LaunchScreen.storyboard */; };
		A332B5E024F620ED001AB636 /* LoveAlarmTests.swift in Sources */ = {isa = PBXBuildFile; fileRef = A332B5DF24F620ED001AB636 /* LoveAlarmTests.swift */; };
		A332B5EB24F620ED001AB636 /* LoveAlarmUITests.swift in Sources */ = {isa = PBXBuildFile; fileRef = A332B5EA24F620ED001AB636 /* LoveAlarmUITests.swift */; };
		E9C5E87EC9F6A036B2097FF7 /* Pods_LoveAlarm_LoveAlarmUITests.framework in Frameworks */ = {isa = PBXBuildFile; fileRef = 2C95AC2174F462C7223F011B /* Pods_LoveAlarm_LoveAlarmUITests.framework */; };
/* End PBXBuildFile section */

/* Begin PBXContainerItemProxy section */
		A332B5DC24F620ED001AB636 /* PBXContainerItemProxy */ = {
			isa = PBXContainerItemProxy;
			containerPortal = A332B5BD24F620EC001AB636 /* Project object */;
			proxyType = 1;
			remoteGlobalIDString = A332B5C424F620EC001AB636;
			remoteInfo = LoveAlarm;
		};
		A332B5E724F620ED001AB636 /* PBXContainerItemProxy */ = {
			isa = PBXContainerItemProxy;
			containerPortal = A332B5BD24F620EC001AB636 /* Project object */;
			proxyType = 1;
			remoteGlobalIDString = A332B5C424F620EC001AB636;
			remoteInfo = LoveAlarm;
		};
/* End PBXContainerItemProxy section */

/* Begin PBXFileReference section */
		062C715A4E10B93883F92986 /* Pods-LoveAlarmTests.debug.xcconfig */ = {isa = PBXFileReference; includeInIndex = 1; lastKnownFileType = text.xcconfig; name = "Pods-LoveAlarmTests.debug.xcconfig"; path = "Target Support Files/Pods-LoveAlarmTests/Pods-LoveAlarmTests.debug.xcconfig"; sourceTree = "<group>"; };
		2C95AC2174F462C7223F011B /* Pods_LoveAlarm_LoveAlarmUITests.framework */ = {isa = PBXFileReference; explicitFileType = wrapper.framework; includeInIndex = 0; path = Pods_LoveAlarm_LoveAlarmUITests.framework; sourceTree = BUILT_PRODUCTS_DIR; };
		43173DF94AB053536801537B /* Pods_LoveAlarm.framework */ = {isa = PBXFileReference; explicitFileType = wrapper.framework; includeInIndex = 0; path = Pods_LoveAlarm.framework; sourceTree = BUILT_PRODUCTS_DIR; };
		4FF515CD1CB64730C4A77B60 /* Pods-LoveAlarm-LoveAlarmUITests.release.xcconfig */ = {isa = PBXFileReference; includeInIndex = 1; lastKnownFileType = text.xcconfig; name = "Pods-LoveAlarm-LoveAlarmUITests.release.xcconfig"; path = "Target Support Files/Pods-LoveAlarm-LoveAlarmUITests/Pods-LoveAlarm-LoveAlarmUITests.release.xcconfig"; sourceTree = "<group>"; };
		67E4B73D5F6DF30BE1A6B4F2 /* Pods-LoveAlarm.debug.xcconfig */ = {isa = PBXFileReference; includeInIndex = 1; lastKnownFileType = text.xcconfig; name = "Pods-LoveAlarm.debug.xcconfig"; path = "Target Support Files/Pods-LoveAlarm/Pods-LoveAlarm.debug.xcconfig"; sourceTree = "<group>"; };
		866BDF8127E02B0FE5C401CC /* Pods_LoveAlarmTests.framework */ = {isa = PBXFileReference; explicitFileType = wrapper.framework; includeInIndex = 0; path = Pods_LoveAlarmTests.framework; sourceTree = BUILT_PRODUCTS_DIR; };
		8E2BF72C2DBCFE5A2D90FDB5 /* Pods-LoveAlarmTests.release.xcconfig */ = {isa = PBXFileReference; includeInIndex = 1; lastKnownFileType = text.xcconfig; name = "Pods-LoveAlarmTests.release.xcconfig"; path = "Target Support Files/Pods-LoveAlarmTests/Pods-LoveAlarmTests.release.xcconfig"; sourceTree = "<group>"; };
		A32838B424F9EECF0024519E /* Alarm.swift */ = {isa = PBXFileReference; lastKnownFileType = sourcecode.swift; path = Alarm.swift; sourceTree = "<group>"; };
		A32838B824FA0F1C0024519E /* AddAlarmView.swift */ = {isa = PBXFileReference; fileEncoding = 4; lastKnownFileType = sourcecode.swift; name = AddAlarmView.swift; path = ../../../../../Desktop/AddAlarmView.swift; sourceTree = "<group>"; };
		A329C78A24F8AB7C007C6391 /* UserViewModel.swift */ = {isa = PBXFileReference; fileEncoding = 4; lastKnownFileType = sourcecode.swift; path = UserViewModel.swift; sourceTree = "<group>"; };
		A329C78C24F8AB87007C6391 /* SignInView.swift */ = {isa = PBXFileReference; fileEncoding = 4; lastKnownFileType = sourcecode.swift; path = SignInView.swift; sourceTree = "<group>"; };
		A329C79324F8D6A4007C6391 /* FBFireStore.swift */ = {isa = PBXFileReference; fileEncoding = 4; lastKnownFileType = sourcecode.swift; path = FBFireStore.swift; sourceTree = "<group>"; };
		A329C79424F8D6A5007C6391 /* FBUser.swift */ = {isa = PBXFileReference; fileEncoding = 4; lastKnownFileType = sourcecode.swift; path = FBUser.swift; sourceTree = "<group>"; };
		A329C79524F8D6A5007C6391 /* FBFireStoreError.swift */ = {isa = PBXFileReference; fileEncoding = 4; lastKnownFileType = sourcecode.swift; path = FBFireStoreError.swift; sourceTree = "<group>"; };
		A329C79624F8D6A6007C6391 /* FBKeys.swift */ = {isa = PBXFileReference; fileEncoding = 4; lastKnownFileType = sourcecode.swift; path = FBKeys.swift; sourceTree = "<group>"; };
		A329C79B24F8D6B4007C6391 /* FBAuth.swift */ = {isa = PBXFileReference; fileEncoding = 4; lastKnownFileType = sourcecode.swift; path = FBAuth.swift; sourceTree = "<group>"; };
		A329C79C24F8D6B5007C6391 /* FBAuthError.swift */ = {isa = PBXFileReference; fileEncoding = 4; lastKnownFileType = sourcecode.swift; path = FBAuthError.swift; sourceTree = "<group>"; };
		A32F965524F745FC0083528C /* GoogleService-Info.plist */ = {isa = PBXFileReference; fileEncoding = 4; lastKnownFileType = text.plist.xml; path = "GoogleService-Info.plist"; sourceTree = "<group>"; };
		A32F965724F74D6D0083528C /* UserInfo.swift */ = {isa = PBXFileReference; lastKnownFileType = sourcecode.swift; path = UserInfo.swift; sourceTree = "<group>"; };
		A32F965924F74EEA0083528C /* LoginView.swift */ = {isa = PBXFileReference; lastKnownFileType = sourcecode.swift; path = LoginView.swift; sourceTree = "<group>"; };
		A32F965B24F75DB10083528C /* HomeView.swift */ = {isa = PBXFileReference; lastKnownFileType = sourcecode.swift; path = HomeView.swift; sourceTree = "<group>"; };
		A32FD10A24F97839003347CE /* SignUpView.swift */ = {isa = PBXFileReference; fileEncoding = 4; lastKnownFileType = sourcecode.swift; path = SignUpView.swift; sourceTree = "<group>"; };
		A32FE5F524FB74FA00DE4C93 /* MyAlarmsView.swift */ = {isa = PBXFileReference; lastKnownFileType = sourcecode.swift; path = MyAlarmsView.swift; sourceTree = "<group>"; };
		A332B5C524F620EC001AB636 /* LoveAlarm.app */ = {isa = PBXFileReference; explicitFileType = wrapper.application; includeInIndex = 0; path = LoveAlarm.app; sourceTree = BUILT_PRODUCTS_DIR; };
		A332B5C824F620EC001AB636 /* AppDelegate.swift */ = {isa = PBXFileReference; lastKnownFileType = sourcecode.swift; path = AppDelegate.swift; sourceTree = "<group>"; };
		A332B5CA24F620EC001AB636 /* SceneDelegate.swift */ = {isa = PBXFileReference; lastKnownFileType = sourcecode.swift; path = SceneDelegate.swift; sourceTree = "<group>"; };
		A332B5CC24F620EC001AB636 /* ContentView.swift */ = {isa = PBXFileReference; lastKnownFileType = sourcecode.swift; path = ContentView.swift; sourceTree = "<group>"; };
		A332B5CE24F620ED001AB636 /* Assets.xcassets */ = {isa = PBXFileReference; lastKnownFileType = folder.assetcatalog; path = Assets.xcassets; sourceTree = "<group>"; };
		A332B5D124F620ED001AB636 /* Preview Assets.xcassets */ = {isa = PBXFileReference; lastKnownFileType = folder.assetcatalog; path = "Preview Assets.xcassets"; sourceTree = "<group>"; };
		A332B5D424F620ED001AB636 /* Base */ = {isa = PBXFileReference; lastKnownFileType = file.storyboard; name = Base; path = Base.lproj/LaunchScreen.storyboard; sourceTree = "<group>"; };
		A332B5D624F620ED001AB636 /* Info.plist */ = {isa = PBXFileReference; lastKnownFileType = text.plist.xml; path = Info.plist; sourceTree = "<group>"; };
		A332B5DB24F620ED001AB636 /* LoveAlarmTests.xctest */ = {isa = PBXFileReference; explicitFileType = wrapper.cfbundle; includeInIndex = 0; path = LoveAlarmTests.xctest; sourceTree = BUILT_PRODUCTS_DIR; };
		A332B5DF24F620ED001AB636 /* LoveAlarmTests.swift */ = {isa = PBXFileReference; lastKnownFileType = sourcecode.swift; path = LoveAlarmTests.swift; sourceTree = "<group>"; };
		A332B5E124F620ED001AB636 /* Info.plist */ = {isa = PBXFileReference; lastKnownFileType = text.plist.xml; path = Info.plist; sourceTree = "<group>"; };
		A332B5E624F620ED001AB636 /* LoveAlarmUITests.xctest */ = {isa = PBXFileReference; explicitFileType = wrapper.cfbundle; includeInIndex = 0; path = LoveAlarmUITests.xctest; sourceTree = BUILT_PRODUCTS_DIR; };
		A332B5EA24F620ED001AB636 /* LoveAlarmUITests.swift */ = {isa = PBXFileReference; lastKnownFileType = sourcecode.swift; path = LoveAlarmUITests.swift; sourceTree = "<group>"; };
		A332B5EC24F620ED001AB636 /* Info.plist */ = {isa = PBXFileReference; lastKnownFileType = text.plist.xml; path = Info.plist; sourceTree = "<group>"; };
		A4A070AB743D925EECF07B4B /* Pods-LoveAlarm.release.xcconfig */ = {isa = PBXFileReference; includeInIndex = 1; lastKnownFileType = text.xcconfig; name = "Pods-LoveAlarm.release.xcconfig"; path = "Target Support Files/Pods-LoveAlarm/Pods-LoveAlarm.release.xcconfig"; sourceTree = "<group>"; };
		AB14FE3A3C859EB8CD4CB34A /* Pods-LoveAlarm-LoveAlarmUITests.debug.xcconfig */ = {isa = PBXFileReference; includeInIndex = 1; lastKnownFileType = text.xcconfig; name = "Pods-LoveAlarm-LoveAlarmUITests.debug.xcconfig"; path = "Target Support Files/Pods-LoveAlarm-LoveAlarmUITests/Pods-LoveAlarm-LoveAlarmUITests.debug.xcconfig"; sourceTree = "<group>"; };
/* End PBXFileReference section */

/* Begin PBXFrameworksBuildPhase section */
		A332B5C224F620EC001AB636 /* Frameworks */ = {
			isa = PBXFrameworksBuildPhase;
			buildActionMask = 2147483647;
			files = (
				9813490F09EEB84905B43565 /* Pods_LoveAlarm.framework in Frameworks */,
			);
			runOnlyForDeploymentPostprocessing = 0;
		};
		A332B5D824F620ED001AB636 /* Frameworks */ = {
			isa = PBXFrameworksBuildPhase;
			buildActionMask = 2147483647;
			files = (
				4F8C5CEA25C270967DC493E4 /* Pods_LoveAlarmTests.framework in Frameworks */,
			);
			runOnlyForDeploymentPostprocessing = 0;
		};
		A332B5E324F620ED001AB636 /* Frameworks */ = {
			isa = PBXFrameworksBuildPhase;
			buildActionMask = 2147483647;
			files = (
				E9C5E87EC9F6A036B2097FF7 /* Pods_LoveAlarm_LoveAlarmUITests.framework in Frameworks */,
			);
			runOnlyForDeploymentPostprocessing = 0;
		};
/* End PBXFrameworksBuildPhase section */

/* Begin PBXGroup section */
		193921D8C550661907A7688A /* Pods */ = {
			isa = PBXGroup;
			children = (
				67E4B73D5F6DF30BE1A6B4F2 /* Pods-LoveAlarm.debug.xcconfig */,
				A4A070AB743D925EECF07B4B /* Pods-LoveAlarm.release.xcconfig */,
				AB14FE3A3C859EB8CD4CB34A /* Pods-LoveAlarm-LoveAlarmUITests.debug.xcconfig */,
				4FF515CD1CB64730C4A77B60 /* Pods-LoveAlarm-LoveAlarmUITests.release.xcconfig */,
				062C715A4E10B93883F92986 /* Pods-LoveAlarmTests.debug.xcconfig */,
				8E2BF72C2DBCFE5A2D90FDB5 /* Pods-LoveAlarmTests.release.xcconfig */,
			);
			path = Pods;
			sourceTree = "<group>";
		};
		739F5E6DC40B3C2754D1AD60 /* Frameworks */ = {
			isa = PBXGroup;
			children = (
				43173DF94AB053536801537B /* Pods_LoveAlarm.framework */,
				2C95AC2174F462C7223F011B /* Pods_LoveAlarm_LoveAlarmUITests.framework */,
				866BDF8127E02B0FE5C401CC /* Pods_LoveAlarmTests.framework */,
			);
			name = Frameworks;
			sourceTree = "<group>";
		};
		A329C78824F8AB3B007C6391 /* Views */ = {
			isa = PBXGroup;
			children = (
				A32F965924F74EEA0083528C /* LoginView.swift */,
				A32F965B24F75DB10083528C /* HomeView.swift */,
				A32FE5F524FB74FA00DE4C93 /* MyAlarmsView.swift */,
				A329C78C24F8AB87007C6391 /* SignInView.swift */,
				A32838B824FA0F1C0024519E /* AddAlarmView.swift */,
				A32FD10A24F97839003347CE /* SignUpView.swift */,
			);
			path = Views;
			sourceTree = "<group>";
		};
		A329C78924F8AB6D007C6391 /* Auth */ = {
			isa = PBXGroup;
			children = (
				A329C79B24F8D6B4007C6391 /* FBAuth.swift */,
				A329C79C24F8D6B5007C6391 /* FBAuthError.swift */,
				A329C78A24F8AB7C007C6391 /* UserViewModel.swift */,
				A32F965724F74D6D0083528C /* UserInfo.swift */,
			);
			path = Auth;
			sourceTree = "<group>";
		};
		A329C79224F8D691007C6391 /* FireStore */ = {
			isa = PBXGroup;
			children = (
				A329C79324F8D6A4007C6391 /* FBFireStore.swift */,
				A329C79524F8D6A5007C6391 /* FBFireStoreError.swift */,
				A329C79624F8D6A6007C6391 /* FBKeys.swift */,
				A329C79424F8D6A5007C6391 /* FBUser.swift */,
			);
			path = FireStore;
			sourceTree = "<group>";
		};
		A332B5BC24F620EC001AB636 = {
			isa = PBXGroup;
			children = (
				A332B5C724F620EC001AB636 /* LoveAlarm */,
				A332B5DE24F620ED001AB636 /* LoveAlarmTests */,
				A332B5E924F620ED001AB636 /* LoveAlarmUITests */,
				A332B5C624F620EC001AB636 /* Products */,
				193921D8C550661907A7688A /* Pods */,
				739F5E6DC40B3C2754D1AD60 /* Frameworks */,
			);
			sourceTree = "<group>";
		};
		A332B5C624F620EC001AB636 /* Products */ = {
			isa = PBXGroup;
			children = (
				A332B5C524F620EC001AB636 /* LoveAlarm.app */,
				A332B5DB24F620ED001AB636 /* LoveAlarmTests.xctest */,
				A332B5E624F620ED001AB636 /* LoveAlarmUITests.xctest */,
			);
			name = Products;
			sourceTree = "<group>";
		};
		A332B5C724F620EC001AB636 /* LoveAlarm */ = {
			isa = PBXGroup;
			children = (
				A332B5C824F620EC001AB636 /* AppDelegate.swift */,
				A332B5CA24F620EC001AB636 /* SceneDelegate.swift */,
				A332B5CC24F620EC001AB636 /* ContentView.swift */,
				A329C78824F8AB3B007C6391 /* Views */,
				A329C78924F8AB6D007C6391 /* Auth */,
				A329C79224F8D691007C6391 /* FireStore */,
				A32838B424F9EECF0024519E /* Alarm.swift */,
				A332B5CE24F620ED001AB636 /* Assets.xcassets */,
				A332B5D324F620ED001AB636 /* LaunchScreen.storyboard */,
				A32F965524F745FC0083528C /* GoogleService-Info.plist */,
				A332B5D624F620ED001AB636 /* Info.plist */,
				A332B5D024F620ED001AB636 /* Preview Content */,
			);
			path = LoveAlarm;
			sourceTree = "<group>";
		};
		A332B5D024F620ED001AB636 /* Preview Content */ = {
			isa = PBXGroup;
			children = (
				A332B5D124F620ED001AB636 /* Preview Assets.xcassets */,
			);
			path = "Preview Content";
			sourceTree = "<group>";
		};
		A332B5DE24F620ED001AB636 /* LoveAlarmTests */ = {
			isa = PBXGroup;
			children = (
				A332B5DF24F620ED001AB636 /* LoveAlarmTests.swift */,
				A332B5E124F620ED001AB636 /* Info.plist */,
			);
			path = LoveAlarmTests;
			sourceTree = "<group>";
		};
		A332B5E924F620ED001AB636 /* LoveAlarmUITests */ = {
			isa = PBXGroup;
			children = (
				A332B5EA24F620ED001AB636 /* LoveAlarmUITests.swift */,
				A332B5EC24F620ED001AB636 /* Info.plist */,
			);
			path = LoveAlarmUITests;
			sourceTree = "<group>";
		};
/* End PBXGroup section */

/* Begin PBXNativeTarget section */
		A332B5C424F620EC001AB636 /* LoveAlarm */ = {
			isa = PBXNativeTarget;
			buildConfigurationList = A332B5EF24F620ED001AB636 /* Build configuration list for PBXNativeTarget "LoveAlarm" */;
			buildPhases = (
				CA8770A9001412E5C11E9F7B /* [CP] Check Pods Manifest.lock */,
				A332B5C124F620EC001AB636 /* Sources */,
				A332B5C224F620EC001AB636 /* Frameworks */,
				A332B5C324F620EC001AB636 /* Resources */,
				EC5D1FAFACC33DC91BB0E761 /* [CP] Embed Pods Frameworks */,
			);
			buildRules = (
			);
			dependencies = (
			);
			name = LoveAlarm;
			productName = LoveAlarm;
			productReference = A332B5C524F620EC001AB636 /* LoveAlarm.app */;
			productType = "com.apple.product-type.application";
		};
		A332B5DA24F620ED001AB636 /* LoveAlarmTests */ = {
			isa = PBXNativeTarget;
			buildConfigurationList = A332B5F224F620ED001AB636 /* Build configuration list for PBXNativeTarget "LoveAlarmTests" */;
			buildPhases = (
				B84678A4116847ECB87D357C /* [CP] Check Pods Manifest.lock */,
				A332B5D724F620ED001AB636 /* Sources */,
				A332B5D824F620ED001AB636 /* Frameworks */,
				A332B5D924F620ED001AB636 /* Resources */,
			);
			buildRules = (
			);
			dependencies = (
				A332B5DD24F620ED001AB636 /* PBXTargetDependency */,
			);
			name = LoveAlarmTests;
			productName = LoveAlarmTests;
			productReference = A332B5DB24F620ED001AB636 /* LoveAlarmTests.xctest */;
			productType = "com.apple.product-type.bundle.unit-test";
		};
		A332B5E524F620ED001AB636 /* LoveAlarmUITests */ = {
			isa = PBXNativeTarget;
			buildConfigurationList = A332B5F524F620ED001AB636 /* Build configuration list for PBXNativeTarget "LoveAlarmUITests" */;
			buildPhases = (
				29EAA5C4F59788EFFD069AB6 /* [CP] Check Pods Manifest.lock */,
				A332B5E224F620ED001AB636 /* Sources */,
				A332B5E324F620ED001AB636 /* Frameworks */,
				A332B5E424F620ED001AB636 /* Resources */,
				408668EA7047050F39487D42 /* [CP] Embed Pods Frameworks */,
			);
			buildRules = (
			);
			dependencies = (
				A332B5E824F620ED001AB636 /* PBXTargetDependency */,
			);
			name = LoveAlarmUITests;
			productName = LoveAlarmUITests;
			productReference = A332B5E624F620ED001AB636 /* LoveAlarmUITests.xctest */;
			productType = "com.apple.product-type.bundle.ui-testing";
		};
/* End PBXNativeTarget section */

/* Begin PBXProject section */
		A332B5BD24F620EC001AB636 /* Project object */ = {
			isa = PBXProject;
			attributes = {
				LastSwiftUpdateCheck = 1160;
				LastUpgradeCheck = 1160;
				ORGANIZATIONNAME = "Xinda Zhou";
				TargetAttributes = {
					A332B5C424F620EC001AB636 = {
						CreatedOnToolsVersion = 11.6;
					};
					A332B5DA24F620ED001AB636 = {
						CreatedOnToolsVersion = 11.6;
						TestTargetID = A332B5C424F620EC001AB636;
					};
					A332B5E524F620ED001AB636 = {
						CreatedOnToolsVersion = 11.6;
						TestTargetID = A332B5C424F620EC001AB636;
					};
				};
			};
			buildConfigurationList = A332B5C024F620EC001AB636 /* Build configuration list for PBXProject "LoveAlarm" */;
			compatibilityVersion = "Xcode 9.3";
			developmentRegion = en;
			hasScannedForEncodings = 0;
			knownRegions = (
				en,
				Base,
			);
			mainGroup = A332B5BC24F620EC001AB636;
			productRefGroup = A332B5C624F620EC001AB636 /* Products */;
			projectDirPath = "";
			projectRoot = "";
			targets = (
				A332B5C424F620EC001AB636 /* LoveAlarm */,
				A332B5DA24F620ED001AB636 /* LoveAlarmTests */,
				A332B5E524F620ED001AB636 /* LoveAlarmUITests */,
			);
		};
/* End PBXProject section */

/* Begin PBXResourcesBuildPhase section */
		A332B5C324F620EC001AB636 /* Resources */ = {
			isa = PBXResourcesBuildPhase;
			buildActionMask = 2147483647;
			files = (
				A332B5D524F620ED001AB636 /* LaunchScreen.storyboard in Resources */,
				A32F965624F745FC0083528C /* GoogleService-Info.plist in Resources */,
				A332B5D224F620ED001AB636 /* Preview Assets.xcassets in Resources */,
				A332B5CF24F620ED001AB636 /* Assets.xcassets in Resources */,
			);
			runOnlyForDeploymentPostprocessing = 0;
		};
		A332B5D924F620ED001AB636 /* Resources */ = {
			isa = PBXResourcesBuildPhase;
			buildActionMask = 2147483647;
			files = (
			);
			runOnlyForDeploymentPostprocessing = 0;
		};
		A332B5E424F620ED001AB636 /* Resources */ = {
			isa = PBXResourcesBuildPhase;
			buildActionMask = 2147483647;
			files = (
			);
			runOnlyForDeploymentPostprocessing = 0;
		};
/* End PBXResourcesBuildPhase section */

/* Begin PBXShellScriptBuildPhase section */
		29EAA5C4F59788EFFD069AB6 /* [CP] Check Pods Manifest.lock */ = {
			isa = PBXShellScriptBuildPhase;
			buildActionMask = 2147483647;
			files = (
			);
			inputFileListPaths = (
			);
			inputPaths = (
				"${PODS_PODFILE_DIR_PATH}/Podfile.lock",
				"${PODS_ROOT}/Manifest.lock",
			);
			name = "[CP] Check Pods Manifest.lock";
			outputFileListPaths = (
			);
			outputPaths = (
				"$(DERIVED_FILE_DIR)/Pods-LoveAlarm-LoveAlarmUITests-checkManifestLockResult.txt",
			);
			runOnlyForDeploymentPostprocessing = 0;
			shellPath = /bin/sh;
			shellScript = "diff \"${PODS_PODFILE_DIR_PATH}/Podfile.lock\" \"${PODS_ROOT}/Manifest.lock\" > /dev/null\nif [ $? != 0 ] ; then\n    # print error to STDERR\n    echo \"error: The sandbox is not in sync with the Podfile.lock. Run 'pod install' or update your CocoaPods installation.\" >&2\n    exit 1\nfi\n# This output is used by Xcode 'outputs' to avoid re-running this script phase.\necho \"SUCCESS\" > \"${SCRIPT_OUTPUT_FILE_0}\"\n";
			showEnvVarsInLog = 0;
		};
		408668EA7047050F39487D42 /* [CP] Embed Pods Frameworks */ = {
			isa = PBXShellScriptBuildPhase;
			buildActionMask = 2147483647;
			files = (
			);
			inputFileListPaths = (
				"${PODS_ROOT}/Target Support Files/Pods-LoveAlarm-LoveAlarmUITests/Pods-LoveAlarm-LoveAlarmUITests-frameworks-${CONFIGURATION}-input-files.xcfilelist",
			);
			name = "[CP] Embed Pods Frameworks";
			outputFileListPaths = (
				"${PODS_ROOT}/Target Support Files/Pods-LoveAlarm-LoveAlarmUITests/Pods-LoveAlarm-LoveAlarmUITests-frameworks-${CONFIGURATION}-output-files.xcfilelist",
			);
			runOnlyForDeploymentPostprocessing = 0;
			shellPath = /bin/sh;
			shellScript = "\"${PODS_ROOT}/Target Support Files/Pods-LoveAlarm-LoveAlarmUITests/Pods-LoveAlarm-LoveAlarmUITests-frameworks.sh\"\n";
			showEnvVarsInLog = 0;
		};
		B84678A4116847ECB87D357C /* [CP] Check Pods Manifest.lock */ = {
			isa = PBXShellScriptBuildPhase;
			buildActionMask = 2147483647;
			files = (
			);
			inputFileListPaths = (
			);
			inputPaths = (
				"${PODS_PODFILE_DIR_PATH}/Podfile.lock",
				"${PODS_ROOT}/Manifest.lock",
			);
			name = "[CP] Check Pods Manifest.lock";
			outputFileListPaths = (
			);
			outputPaths = (
				"$(DERIVED_FILE_DIR)/Pods-LoveAlarmTests-checkManifestLockResult.txt",
			);
			runOnlyForDeploymentPostprocessing = 0;
			shellPath = /bin/sh;
			shellScript = "diff \"${PODS_PODFILE_DIR_PATH}/Podfile.lock\" \"${PODS_ROOT}/Manifest.lock\" > /dev/null\nif [ $? != 0 ] ; then\n    # print error to STDERR\n    echo \"error: The sandbox is not in sync with the Podfile.lock. Run 'pod install' or update your CocoaPods installation.\" >&2\n    exit 1\nfi\n# This output is used by Xcode 'outputs' to avoid re-running this script phase.\necho \"SUCCESS\" > \"${SCRIPT_OUTPUT_FILE_0}\"\n";
			showEnvVarsInLog = 0;
		};
		CA8770A9001412E5C11E9F7B /* [CP] Check Pods Manifest.lock */ = {
			isa = PBXShellScriptBuildPhase;
			buildActionMask = 2147483647;
			files = (
			);
			inputFileListPaths = (
			);
			inputPaths = (
				"${PODS_PODFILE_DIR_PATH}/Podfile.lock",
				"${PODS_ROOT}/Manifest.lock",
			);
			name = "[CP] Check Pods Manifest.lock";
			outputFileListPaths = (
			);
			outputPaths = (
				"$(DERIVED_FILE_DIR)/Pods-LoveAlarm-checkManifestLockResult.txt",
			);
			runOnlyForDeploymentPostprocessing = 0;
			shellPath = /bin/sh;
			shellScript = "diff \"${PODS_PODFILE_DIR_PATH}/Podfile.lock\" \"${PODS_ROOT}/Manifest.lock\" > /dev/null\nif [ $? != 0 ] ; then\n    # print error to STDERR\n    echo \"error: The sandbox is not in sync with the Podfile.lock. Run 'pod install' or update your CocoaPods installation.\" >&2\n    exit 1\nfi\n# This output is used by Xcode 'outputs' to avoid re-running this script phase.\necho \"SUCCESS\" > \"${SCRIPT_OUTPUT_FILE_0}\"\n";
			showEnvVarsInLog = 0;
		};
		EC5D1FAFACC33DC91BB0E761 /* [CP] Embed Pods Frameworks */ = {
			isa = PBXShellScriptBuildPhase;
			buildActionMask = 2147483647;
			files = (
			);
			inputFileListPaths = (
				"${PODS_ROOT}/Target Support Files/Pods-LoveAlarm/Pods-LoveAlarm-frameworks-${CONFIGURATION}-input-files.xcfilelist",
			);
			name = "[CP] Embed Pods Frameworks";
			outputFileListPaths = (
				"${PODS_ROOT}/Target Support Files/Pods-LoveAlarm/Pods-LoveAlarm-frameworks-${CONFIGURATION}-output-files.xcfilelist",
			);
			runOnlyForDeploymentPostprocessing = 0;
			shellPath = /bin/sh;
			shellScript = "\"${PODS_ROOT}/Target Support Files/Pods-LoveAlarm/Pods-LoveAlarm-frameworks.sh\"\n";
			showEnvVarsInLog = 0;
		};
/* End PBXShellScriptBuildPhase section */

/* Begin PBXSourcesBuildPhase section */
		A332B5C124F620EC001AB636 /* Sources */ = {
			isa = PBXSourcesBuildPhase;
			buildActionMask = 2147483647;
			files = (
				A32F965824F74D6D0083528C /* UserInfo.swift in Sources */,
				A32FD10B24F97839003347CE /* SignUpView.swift in Sources */,
				A329C79924F8D6A6007C6391 /* FBFireStoreError.swift in Sources */,
				A332B5C924F620EC001AB636 /* AppDelegate.swift in Sources */,
				A329C79D24F8D6B5007C6391 /* FBAuth.swift in Sources */,
				A329C79A24F8D6A6007C6391 /* FBKeys.swift in Sources */,
				A332B5CB24F620EC001AB636 /* SceneDelegate.swift in Sources */,
				A329C79724F8D6A6007C6391 /* FBFireStore.swift in Sources */,
				A329C78F24F8AB87007C6391 /* SignInView.swift in Sources */,
				A32838B524F9EECF0024519E /* Alarm.swift in Sources */,
				A32F965C24F75DB10083528C /* HomeView.swift in Sources */,
				A329C79824F8D6A6007C6391 /* FBUser.swift in Sources */,
				A329C79E24F8D6B5007C6391 /* FBAuthError.swift in Sources */,
				A32F965A24F74EEA0083528C /* LoginView.swift in Sources */,
				A32FE5F624FB74FA00DE4C93 /* MyAlarmsView.swift in Sources */,
				A329C78B24F8AB7C007C6391 /* UserViewModel.swift in Sources */,
				A32838B924FA0F1C0024519E /* AddAlarmView.swift in Sources */,
				A332B5CD24F620EC001AB636 /* ContentView.swift in Sources */,
			);
			runOnlyForDeploymentPostprocessing = 0;
		};
		A332B5D724F620ED001AB636 /* Sources */ = {
			isa = PBXSourcesBuildPhase;
			buildActionMask = 2147483647;
			files = (
				A332B5E024F620ED001AB636 /* LoveAlarmTests.swift in Sources */,
			);
			runOnlyForDeploymentPostprocessing = 0;
		};
		A332B5E224F620ED001AB636 /* Sources */ = {
			isa = PBXSourcesBuildPhase;
			buildActionMask = 2147483647;
			files = (
				A332B5EB24F620ED001AB636 /* LoveAlarmUITests.swift in Sources */,
			);
			runOnlyForDeploymentPostprocessing = 0;
		};
/* End PBXSourcesBuildPhase section */

/* Begin PBXTargetDependency section */
		A332B5DD24F620ED001AB636 /* PBXTargetDependency */ = {
			isa = PBXTargetDependency;
			target = A332B5C424F620EC001AB636 /* LoveAlarm */;
			targetProxy = A332B5DC24F620ED001AB636 /* PBXContainerItemProxy */;
		};
		A332B5E824F620ED001AB636 /* PBXTargetDependency */ = {
			isa = PBXTargetDependency;
			target = A332B5C424F620EC001AB636 /* LoveAlarm */;
			targetProxy = A332B5E724F620ED001AB636 /* PBXContainerItemProxy */;
		};
/* End PBXTargetDependency section */

/* Begin PBXVariantGroup section */
		A332B5D324F620ED001AB636 /* LaunchScreen.storyboard */ = {
			isa = PBXVariantGroup;
			children = (
				A332B5D424F620ED001AB636 /* Base */,
			);
			name = LaunchScreen.storyboard;
			sourceTree = "<group>";
		};
/* End PBXVariantGroup section */

/* Begin XCBuildConfiguration section */
		A332B5ED24F620ED001AB636 /* Debug */ = {
			isa = XCBuildConfiguration;
			buildSettings = {
				ALWAYS_SEARCH_USER_PATHS = NO;
				CLANG_ANALYZER_NONNULL = YES;
				CLANG_ANALYZER_NUMBER_OBJECT_CONVERSION = YES_AGGRESSIVE;
				CLANG_CXX_LANGUAGE_STANDARD = "gnu++14";
				CLANG_CXX_LIBRARY = "libc++";
				CLANG_ENABLE_MODULES = YES;
				CLANG_ENABLE_OBJC_ARC = YES;
				CLANG_ENABLE_OBJC_WEAK = YES;
				CLANG_WARN_BLOCK_CAPTURE_AUTORELEASING = YES;
				CLANG_WARN_BOOL_CONVERSION = YES;
				CLANG_WARN_COMMA = YES;
				CLANG_WARN_CONSTANT_CONVERSION = YES;
				CLANG_WARN_DEPRECATED_OBJC_IMPLEMENTATIONS = YES;
				CLANG_WARN_DIRECT_OBJC_ISA_USAGE = YES_ERROR;
				CLANG_WARN_DOCUMENTATION_COMMENTS = YES;
				CLANG_WARN_EMPTY_BODY = YES;
				CLANG_WARN_ENUM_CONVERSION = YES;
				CLANG_WARN_INFINITE_RECURSION = YES;
				CLANG_WARN_INT_CONVERSION = YES;
				CLANG_WARN_NON_LITERAL_NULL_CONVERSION = YES;
				CLANG_WARN_OBJC_IMPLICIT_RETAIN_SELF = YES;
				CLANG_WARN_OBJC_LITERAL_CONVERSION = YES;
				CLANG_WARN_OBJC_ROOT_CLASS = YES_ERROR;
				CLANG_WARN_RANGE_LOOP_ANALYSIS = YES;
				CLANG_WARN_STRICT_PROTOTYPES = YES;
				CLANG_WARN_SUSPICIOUS_MOVE = YES;
				CLANG_WARN_UNGUARDED_AVAILABILITY = YES_AGGRESSIVE;
				CLANG_WARN_UNREACHABLE_CODE = YES;
				CLANG_WARN__DUPLICATE_METHOD_MATCH = YES;
				COPY_PHASE_STRIP = NO;
				DEBUG_INFORMATION_FORMAT = dwarf;
				ENABLE_STRICT_OBJC_MSGSEND = YES;
				ENABLE_TESTABILITY = YES;
				GCC_C_LANGUAGE_STANDARD = gnu11;
				GCC_DYNAMIC_NO_PIC = NO;
				GCC_NO_COMMON_BLOCKS = YES;
				GCC_OPTIMIZATION_LEVEL = 0;
				GCC_PREPROCESSOR_DEFINITIONS = (
					"DEBUG=1",
					"$(inherited)",
				);
				GCC_WARN_64_TO_32_BIT_CONVERSION = YES;
				GCC_WARN_ABOUT_RETURN_TYPE = YES_ERROR;
				GCC_WARN_UNDECLARED_SELECTOR = YES;
				GCC_WARN_UNINITIALIZED_AUTOS = YES_AGGRESSIVE;
				GCC_WARN_UNUSED_FUNCTION = YES;
				GCC_WARN_UNUSED_VARIABLE = YES;
				IPHONEOS_DEPLOYMENT_TARGET = 13.6;
				MTL_ENABLE_DEBUG_INFO = INCLUDE_SOURCE;
				MTL_FAST_MATH = YES;
				ONLY_ACTIVE_ARCH = YES;
				SDKROOT = iphoneos;
				SWIFT_ACTIVE_COMPILATION_CONDITIONS = DEBUG;
				SWIFT_OPTIMIZATION_LEVEL = "-Onone";
			};
			name = Debug;
		};
		A332B5EE24F620ED001AB636 /* Release */ = {
			isa = XCBuildConfiguration;
			buildSettings = {
				ALWAYS_SEARCH_USER_PATHS = NO;
				CLANG_ANALYZER_NONNULL = YES;
				CLANG_ANALYZER_NUMBER_OBJECT_CONVERSION = YES_AGGRESSIVE;
				CLANG_CXX_LANGUAGE_STANDARD = "gnu++14";
				CLANG_CXX_LIBRARY = "libc++";
				CLANG_ENABLE_MODULES = YES;
				CLANG_ENABLE_OBJC_ARC = YES;
				CLANG_ENABLE_OBJC_WEAK = YES;
				CLANG_WARN_BLOCK_CAPTURE_AUTORELEASING = YES;
				CLANG_WARN_BOOL_CONVERSION = YES;
				CLANG_WARN_COMMA = YES;
				CLANG_WARN_CONSTANT_CONVERSION = YES;
				CLANG_WARN_DEPRECATED_OBJC_IMPLEMENTATIONS = YES;
				CLANG_WARN_DIRECT_OBJC_ISA_USAGE = YES_ERROR;
				CLANG_WARN_DOCUMENTATION_COMMENTS = YES;
				CLANG_WARN_EMPTY_BODY = YES;
				CLANG_WARN_ENUM_CONVERSION = YES;
				CLANG_WARN_INFINITE_RECURSION = YES;
				CLANG_WARN_INT_CONVERSION = YES;
				CLANG_WARN_NON_LITERAL_NULL_CONVERSION = YES;
				CLANG_WARN_OBJC_IMPLICIT_RETAIN_SELF = YES;
				CLANG_WARN_OBJC_LITERAL_CONVERSION = YES;
				CLANG_WARN_OBJC_ROOT_CLASS = YES_ERROR;
				CLANG_WARN_RANGE_LOOP_ANALYSIS = YES;
				CLANG_WARN_STRICT_PROTOTYPES = YES;
				CLANG_WARN_SUSPICIOUS_MOVE = YES;
				CLANG_WARN_UNGUARDED_AVAILABILITY = YES_AGGRESSIVE;
				CLANG_WARN_UNREACHABLE_CODE = YES;
				CLANG_WARN__DUPLICATE_METHOD_MATCH = YES;
				COPY_PHASE_STRIP = NO;
				DEBUG_INFORMATION_FORMAT = "dwarf-with-dsym";
				ENABLE_NS_ASSERTIONS = NO;
				ENABLE_STRICT_OBJC_MSGSEND = YES;
				GCC_C_LANGUAGE_STANDARD = gnu11;
				GCC_NO_COMMON_BLOCKS = YES;
				GCC_WARN_64_TO_32_BIT_CONVERSION = YES;
				GCC_WARN_ABOUT_RETURN_TYPE = YES_ERROR;
				GCC_WARN_UNDECLARED_SELECTOR = YES;
				GCC_WARN_UNINITIALIZED_AUTOS = YES_AGGRESSIVE;
				GCC_WARN_UNUSED_FUNCTION = YES;
				GCC_WARN_UNUSED_VARIABLE = YES;
				IPHONEOS_DEPLOYMENT_TARGET = 13.6;
				MTL_ENABLE_DEBUG_INFO = NO;
				MTL_FAST_MATH = YES;
				SDKROOT = iphoneos;
				SWIFT_COMPILATION_MODE = wholemodule;
				SWIFT_OPTIMIZATION_LEVEL = "-O";
				VALIDATE_PRODUCT = YES;
			};
			name = Release;
		};
		A332B5F024F620ED001AB636 /* Debug */ = {
			isa = XCBuildConfiguration;
			baseConfigurationReference = 67E4B73D5F6DF30BE1A6B4F2 /* Pods-LoveAlarm.debug.xcconfig */;
			buildSettings = {
				ASSETCATALOG_COMPILER_APPICON_NAME = AppIcon;
				CODE_SIGN_STYLE = Automatic;
				DEVELOPMENT_ASSET_PATHS = "\"LoveAlarm/Preview Content\"";
				ENABLE_PREVIEWS = YES;
				INFOPLIST_FILE = LoveAlarm/Info.plist;
				LD_RUNPATH_SEARCH_PATHS = (
					"$(inherited)",
					"@executable_path/Frameworks",
				);
				PRODUCT_BUNDLE_IDENTIFIER = com.LoveAlarm;
				PRODUCT_NAME = "$(TARGET_NAME)";
				SWIFT_VERSION = 5.0;
				TARGETED_DEVICE_FAMILY = "1,2";
			};
			name = Debug;
		};
		A332B5F124F620ED001AB636 /* Release */ = {
			isa = XCBuildConfiguration;
			baseConfigurationReference = A4A070AB743D925EECF07B4B /* Pods-LoveAlarm.release.xcconfig */;
			buildSettings = {
				ASSETCATALOG_COMPILER_APPICON_NAME = AppIcon;
				CODE_SIGN_STYLE = Automatic;
				DEVELOPMENT_ASSET_PATHS = "\"LoveAlarm/Preview Content\"";
				ENABLE_PREVIEWS = YES;
				INFOPLIST_FILE = LoveAlarm/Info.plist;
				LD_RUNPATH_SEARCH_PATHS = (
					"$(inherited)",
					"@executable_path/Frameworks",
				);
				PRODUCT_BUNDLE_IDENTIFIER = com.LoveAlarm;
				PRODUCT_NAME = "$(TARGET_NAME)";
				SWIFT_VERSION = 5.0;
				TARGETED_DEVICE_FAMILY = "1,2";
			};
			name = Release;
		};
		A332B5F324F620ED001AB636 /* Debug */ = {
			isa = XCBuildConfiguration;
			baseConfigurationReference = 062C715A4E10B93883F92986 /* Pods-LoveAlarmTests.debug.xcconfig */;
			buildSettings = {
				ALWAYS_EMBED_SWIFT_STANDARD_LIBRARIES = YES;
				BUNDLE_LOADER = "$(TEST_HOST)";
				CODE_SIGN_STYLE = Automatic;
				INFOPLIST_FILE = LoveAlarmTests/Info.plist;
				IPHONEOS_DEPLOYMENT_TARGET = 13.6;
				LD_RUNPATH_SEARCH_PATHS = (
					"$(inherited)",
					"@executable_path/Frameworks",
					"@loader_path/Frameworks",
				);
				PRODUCT_BUNDLE_IDENTIFIER = com.LoveAlarmTests;
				PRODUCT_NAME = "$(TARGET_NAME)";
				SWIFT_VERSION = 5.0;
				TARGETED_DEVICE_FAMILY = "1,2";
				TEST_HOST = "$(BUILT_PRODUCTS_DIR)/LoveAlarm.app/LoveAlarm";
			};
			name = Debug;
		};
		A332B5F424F620ED001AB636 /* Release */ = {
			isa = XCBuildConfiguration;
			baseConfigurationReference = 8E2BF72C2DBCFE5A2D90FDB5 /* Pods-LoveAlarmTests.release.xcconfig */;
			buildSettings = {
				ALWAYS_EMBED_SWIFT_STANDARD_LIBRARIES = YES;
				BUNDLE_LOADER = "$(TEST_HOST)";
				CODE_SIGN_STYLE = Automatic;
				INFOPLIST_FILE = LoveAlarmTests/Info.plist;
				IPHONEOS_DEPLOYMENT_TARGET = 13.6;
				LD_RUNPATH_SEARCH_PATHS = (
					"$(inherited)",
					"@executable_path/Frameworks",
					"@loader_path/Frameworks",
				);
				PRODUCT_BUNDLE_IDENTIFIER = com.LoveAlarmTests;
				PRODUCT_NAME = "$(TARGET_NAME)";
				SWIFT_VERSION = 5.0;
				TARGETED_DEVICE_FAMILY = "1,2";
				TEST_HOST = "$(BUILT_PRODUCTS_DIR)/LoveAlarm.app/LoveAlarm";
			};
			name = Release;
		};
		A332B5F624F620ED001AB636 /* Debug */ = {
			isa = XCBuildConfiguration;
			baseConfigurationReference = AB14FE3A3C859EB8CD4CB34A /* Pods-LoveAlarm-LoveAlarmUITests.debug.xcconfig */;
			buildSettings = {
				ALWAYS_EMBED_SWIFT_STANDARD_LIBRARIES = YES;
				CODE_SIGN_STYLE = Automatic;
				INFOPLIST_FILE = LoveAlarmUITests/Info.plist;
				LD_RUNPATH_SEARCH_PATHS = (
					"$(inherited)",
					"@executable_path/Frameworks",
					"@loader_path/Frameworks",
				);
				PRODUCT_BUNDLE_IDENTIFIER = com.LoveAlarmUITests;
				PRODUCT_NAME = "$(TARGET_NAME)";
				SWIFT_VERSION = 5.0;
				TARGETED_DEVICE_FAMILY = "1,2";
				TEST_TARGET_NAME = LoveAlarm;
			};
			name = Debug;
		};
		A332B5F724F620ED001AB636 /* Release */ = {
			isa = XCBuildConfiguration;
			baseConfigurationReference = 4FF515CD1CB64730C4A77B60 /* Pods-LoveAlarm-LoveAlarmUITests.release.xcconfig */;
			buildSettings = {
				ALWAYS_EMBED_SWIFT_STANDARD_LIBRARIES = YES;
				CODE_SIGN_STYLE = Automatic;
				INFOPLIST_FILE = LoveAlarmUITests/Info.plist;
				LD_RUNPATH_SEARCH_PATHS = (
					"$(inherited)",
					"@executable_path/Frameworks",
					"@loader_path/Frameworks",
				);
				PRODUCT_BUNDLE_IDENTIFIER = com.LoveAlarmUITests;
				PRODUCT_NAME = "$(TARGET_NAME)";
				SWIFT_VERSION = 5.0;
				TARGETED_DEVICE_FAMILY = "1,2";
				TEST_TARGET_NAME = LoveAlarm;
			};
			name = Release;
		};
/* End XCBuildConfiguration section */

/* Begin XCConfigurationList section */
		A332B5C024F620EC001AB636 /* Build configuration list for PBXProject "LoveAlarm" */ = {
			isa = XCConfigurationList;
			buildConfigurations = (
				A332B5ED24F620ED001AB636 /* Debug */,
				A332B5EE24F620ED001AB636 /* Release */,
			);
			defaultConfigurationIsVisible = 0;
			defaultConfigurationName = Release;
		};
		A332B5EF24F620ED001AB636 /* Build configuration list for PBXNativeTarget "LoveAlarm" */ = {
			isa = XCConfigurationList;
			buildConfigurations = (
				A332B5F024F620ED001AB636 /* Debug */,
				A332B5F124F620ED001AB636 /* Release */,
			);
			defaultConfigurationIsVisible = 0;
			defaultConfigurationName = Release;
		};
		A332B5F224F620ED001AB636 /* Build configuration list for PBXNativeTarget "LoveAlarmTests" */ = {
			isa = XCConfigurationList;
			buildConfigurations = (
				A332B5F324F620ED001AB636 /* Debug */,
				A332B5F424F620ED001AB636 /* Release */,
			);
			defaultConfigurationIsVisible = 0;
			defaultConfigurationName = Release;
		};
		A332B5F524F620ED001AB636 /* Build configuration list for PBXNativeTarget "LoveAlarmUITests" */ = {
			isa = XCConfigurationList;
			buildConfigurations = (
				A332B5F624F620ED001AB636 /* Debug */,
				A332B5F724F620ED001AB636 /* Release */,
			);
			defaultConfigurationIsVisible = 0;
			defaultConfigurationName = Release;
		};
/* End XCConfigurationList section */
	};
	rootObject = A332B5BD24F620EC001AB636 /* Project object */;
}
